
Microsoft Visual Studio Solution File, Format Version 12.00
# Visual Studio Version 17
VisualStudioVersion = 17.0.32014.148
MinimumVisualStudioVersion = 10.0.40219.1
Project("{FAE04EC0-301F-11D3-BF4B-00C04F79EFBC}") = "PracticeProb", "PracticeProb\PracticeProb.csproj", "{543CAEF8-6746-4ACD-9171-61FD3FEBA1CA}"
EndProject
Global
	GlobalSection(SolutionConfigurationPlatforms) = preSolution
		Debug|Any CPU = Debug|Any CPU
		Release|Any CPU = Release|Any CPU
	EndGlobalSection
	GlobalSection(ProjectConfigurationPlatforms) = postSolution
		{543CAEF8-6746-4ACD-9171-61FD3FEBA1CA}.Debug|Any CPU.ActiveCfg = Debug|Any CPU
		{543CAEF8-6746-4ACD-9171-61FD3FEBA1CA}.Debug|Any CPU.Build.0 = Debug|Any CPU
		{543CAEF8-6746-4ACD-9171-61FD3FEBA1CA}.Release|Any CPU.ActiveCfg = Release|Any CPU
		{543CAEF8-6746-4ACD-9171-61FD3FEBA1CA}.Release|Any CPU.Build.0 = Release|Any CPU
	EndGlobalSection
	GlobalSection(SolutionProperties) = preSolution
		HideSolutionNode = FALSE
	EndGlobalSection
	GlobalSection(ExtensibilityGlobals) = postSolution
		SolutionGuid = {3E64946E-0D97-4949-8C69-1CA353DC342D}
	EndGlobalSection
EndGlobal
